
Microsoft Visual Studio Solution File, Format Version 12.00
# Visual Studio 14
VisualStudioVersion = 14.0.23107.0
MinimumVisualStudioVersion = 10.0.40219.1
Project("{FAE04EC0-301F-11D3-BF4B-00C04F79EFBC}") = "UDQueryWeb", "UDQueryWeb\UDQueryWeb.csproj", "{43222E7A-E895-4A19-9C3F-0B75426BF1D6}"
EndProject
Global
	GlobalSection(SolutionConfigurationPlatforms) = preSolution
		Debug|Any CPU = Debug|Any CPU
		Release|Any CPU = Release|Any CPU
	EndGlobalSection
	GlobalSection(ProjectConfigurationPlatforms) = postSolution
		{43222E7A-E895-4A19-9C3F-0B75426BF1D6}.Debug|Any CPU.ActiveCfg = Debug|Any CPU
		{43222E7A-E895-4A19-9C3F-0B75426BF1D6}.Debug|Any CPU.Build.0 = Debug|Any CPU
		{43222E7A-E895-4A19-9C3F-0B75426BF1D6}.Release|Any CPU.ActiveCfg = Release|Any CPU
		{43222E7A-E895-4A19-9C3F-0B75426BF1D6}.Release|Any CPU.Build.0 = Release|Any CPU
	EndGlobalSection
	GlobalSection(SolutionProperties) = preSolution
		HideSolutionNode = FALSE
	EndGlobalSection
EndGlobal
